// !$*UTF8*$!
{
	archiveVersion = 1;
	classes = {
	};
	objectVersion = 56;
	objects = {

/* Begin PBXBuildFile section */
		172C860A2AC44B64006DC13F /* Guance_UniPlugin_App.h in Headers */ = {isa = PBXBuildFile; fileRef = 172C86092AC44B64006DC13F /* Guance_UniPlugin_App.h */; settings = {ATTRIBUTES = (Public, ); }; };
		172C861A2AC44B89006DC13F /* FTRUMModule.m in Sources */ = {isa = PBXBuildFile; fileRef = 172C86112AC44B89006DC13F /* FTRUMModule.m */; };
		172C861B2AC44B89006DC13F /* FTLogModule.h in Headers */ = {isa = PBXBuildFile; fileRef = 172C86122AC44B89006DC13F /* FTLogModule.h */; settings = {ATTRIBUTES = (Public, ); }; };
		172C861C2AC44B89006DC13F /* FTTracerModule.h in Headers */ = {isa = PBXBuildFile; fileRef = 172C86132AC44B89006DC13F /* FTTracerModule.h */; settings = {ATTRIBUTES = (Public, ); }; };
		172C861E2AC44B89006DC13F /* FTMobileUniModule.h in Headers */ = {isa = PBXBuildFile; fileRef = 172C86152AC44B89006DC13F /* FTMobileUniModule.h */; settings = {ATTRIBUTES = (Public, ); }; };
		172C861F2AC44B89006DC13F /* FTTracerModule.m in Sources */ = {isa = PBXBuildFile; fileRef = 172C86162AC44B89006DC13F /* FTTracerModule.m */; };
		172C86202AC44B89006DC13F /* FTLogModule.m in Sources */ = {isa = PBXBuildFile; fileRef = 172C86172AC44B89006DC13F /* FTLogModule.m */; };
		172C86212AC44B89006DC13F /* FTRUMModule.h in Headers */ = {isa = PBXBuildFile; fileRef = 172C86182AC44B89006DC13F /* FTRUMModule.h */; settings = {ATTRIBUTES = (Public, ); }; };
		172C86222AC44B89006DC13F /* FTMobileUniModule.m in Sources */ = {isa = PBXBuildFile; fileRef = 172C86192AC44B89006DC13F /* FTMobileUniModule.m */; };
		172C86272AC55D18006DC13F /* FTMobileSDK.xcframework in Frameworks */ = {isa = PBXBuildFile; fileRef = 172C86262AC55D18006DC13F /* FTMobileSDK.xcframework */; };
		173ED24C2AD17F23007C95C0 /* Guance-UniPlugin-App-Version.h in Headers */ = {isa = PBXBuildFile; fileRef = 173ED24B2AD17F23007C95C0 /* Guance-UniPlugin-App-Version.h */; settings = {ATTRIBUTES = (Public, ); }; };
/* End PBXBuildFile section */

/* Begin PBXFileReference section */
		172C86062AC44B64006DC13F /* Guance_UniPlugin_App.framework */ = {isa = PBXFileReference; explicitFileType = wrapper.framework; includeInIndex = 0; path = Guance_UniPlugin_App.framework; sourceTree = BUILT_PRODUCTS_DIR; };
		172C86092AC44B64006DC13F /* Guance_UniPlugin_App.h */ = {isa = PBXFileReference; lastKnownFileType = sourcecode.c.h; path = Guance_UniPlugin_App.h; sourceTree = "<group>"; };
		172C86112AC44B89006DC13F /* FTRUMModule.m */ = {isa = PBXFileReference; fileEncoding = 4; lastKnownFileType = sourcecode.c.objc; path = FTRUMModule.m; sourceTree = "<group>"; };
		172C86122AC44B89006DC13F /* FTLogModule.h */ = {isa = PBXFileReference; fileEncoding = 4; lastKnownFileType = sourcecode.c.h; path = FTLogModule.h; sourceTree = "<group>"; };
		172C86132AC44B89006DC13F /* FTTracerModule.h */ = {isa = PBXFileReference; fileEncoding = 4; lastKnownFileType = sourcecode.c.h; path = FTTracerModule.h; sourceTree = "<group>"; };
		172C86152AC44B89006DC13F /* FTMobileUniModule.h */ = {isa = PBXFileReference; fileEncoding = 4; lastKnownFileType = sourcecode.c.h; path = FTMobileUniModule.h; sourceTree = "<group>"; };
		172C86162AC44B89006DC13F /* FTTracerModule.m */ = {isa = PBXFileReference; fileEncoding = 4; lastKnownFileType = sourcecode.c.objc; path = FTTracerModule.m; sourceTree = "<group>"; };
		172C86172AC44B89006DC13F /* FTLogModule.m */ = {isa = PBXFileReference; fileEncoding = 4; lastKnownFileType = sourcecode.c.objc; path = FTLogModule.m; sourceTree = "<group>"; };
		172C86182AC44B89006DC13F /* FTRUMModule.h */ = {isa = PBXFileReference; fileEncoding = 4; lastKnownFileType = sourcecode.c.h; path = FTRUMModule.h; sourceTree = "<group>"; };
		172C86192AC44B89006DC13F /* FTMobileUniModule.m */ = {isa = PBXFileReference; fileEncoding = 4; lastKnownFileType = sourcecode.c.objc; path = FTMobileUniModule.m; sourceTree = "<group>"; };
		172C86262AC55D18006DC13F /* FTMobileSDK.xcframework */ = {isa = PBXFileReference; lastKnownFileType = wrapper.xcframework; name = FTMobileSDK.xcframework; path = ../../../Hbuilder_Example/nativeplugins/GCUniPlugin/ios/FTMobileSDK.xcframework; sourceTree = "<group>"; };
		173ED24B2AD17F23007C95C0 /* Guance-UniPlugin-App-Version.h */ = {isa = PBXFileReference; fileEncoding = 4; lastKnownFileType = sourcecode.c.h; path = "Guance-UniPlugin-App-Version.h"; sourceTree = "<group>"; };
/* End PBXFileReference section */

/* Begin PBXFrameworksBuildPhase section */
		172C86032AC44B64006DC13F /* Frameworks */ = {
			isa = PBXFrameworksBuildPhase;
			buildActionMask = 2147483647;
			files = (
				172C86272AC55D18006DC13F /* FTMobileSDK.xcframework in Frameworks */,
			);
			runOnlyForDeploymentPostprocessing = 0;
		};
/* End PBXFrameworksBuildPhase section */

/* Begin PBXGroup section */
		172C85FC2AC44B64006DC13F = {
			isa = PBXGroup;
			children = (
				172C86082AC44B64006DC13F /* Guance-UniPlugin-App */,
				172C86072AC44B64006DC13F /* Products */,
				172C86232AC44BE3006DC13F /* Frameworks */,
			);
			sourceTree = "<group>";
		};
		172C86072AC44B64006DC13F /* Products */ = {
			isa = PBXGroup;
			children = (
				172C86062AC44B64006DC13F /* Guance_UniPlugin_App.framework */,
			);
			name = Products;
			sourceTree = "<group>";
		};
		172C86082AC44B64006DC13F /* Guance-UniPlugin-App */ = {
			isa = PBXGroup;
			children = (
				172C86102AC44B89006DC13F /* Classes */,
				172C86092AC44B64006DC13F /* Guance_UniPlugin_App.h */,
			);
			path = "Guance-UniPlugin-App";
			sourceTree = "<group>";
		};
		172C86102AC44B89006DC13F /* Classes */ = {
			isa = PBXGroup;
			children = (
				173ED24B2AD17F23007C95C0 /* Guance-UniPlugin-App-Version.h */,
				172C86112AC44B89006DC13F /* FTRUMModule.m */,
				172C86122AC44B89006DC13F /* FTLogModule.h */,
				172C86132AC44B89006DC13F /* FTTracerModule.h */,
				172C86152AC44B89006DC13F /* FTMobileUniModule.h */,
				172C86162AC44B89006DC13F /* FTTracerModule.m */,
				172C86172AC44B89006DC13F /* FTLogModule.m */,
				172C86182AC44B89006DC13F /* FTRUMModule.h */,
				172C86192AC44B89006DC13F /* FTMobileUniModule.m */,
			);
			path = Classes;
			sourceTree = "<group>";
		};
		172C86232AC44BE3006DC13F /* Frameworks */ = {
			isa = PBXGroup;
			children = (
				172C86262AC55D18006DC13F /* FTMobileSDK.xcframework */,
			);
			name = Frameworks;
			sourceTree = "<group>";
		};
/* End PBXGroup section */

/* Begin PBXHeadersBuildPhase section */
		172C86012AC44B64006DC13F /* Headers */ = {
			isa = PBXHeadersBuildPhase;
			buildActionMask = 2147483647;
			files = (
				172C860A2AC44B64006DC13F /* Guance_UniPlugin_App.h in Headers */,
				172C861E2AC44B89006DC13F /* FTMobileUniModule.h in Headers */,
				173ED24C2AD17F23007C95C0 /* Guance-UniPlugin-App-Version.h in Headers */,
				172C861B2AC44B89006DC13F /* FTLogModule.h in Headers */,
				172C86212AC44B89006DC13F /* FTRUMModule.h in Headers */,
				172C861C2AC44B89006DC13F /* FTTracerModule.h in Headers */,
			);
			runOnlyForDeploymentPostprocessing = 0;
		};
/* End PBXHeadersBuildPhase section */

/* Begin PBXNativeTarget section */
		172C86052AC44B64006DC13F /* Guance-UniPlugin-App */ = {
			isa = PBXNativeTarget;
			buildConfigurationList = 172C860D2AC44B64006DC13F /* Build configuration list for PBXNativeTarget "Guance-UniPlugin-App" */;
			buildPhases = (
				172C86012AC44B64006DC13F /* Headers */,
				172C86022AC44B64006DC13F /* Sources */,
				172C86032AC44B64006DC13F /* Frameworks */,
				172C86042AC44B64006DC13F /* Resources */,
				173ED24A2AD17EE3007C95C0 /* ShellScript */,
			);
			buildRules = (
			);
			dependencies = (
			);
			name = "Guance-UniPlugin-App";
			productName = "Guance-UniPlugin-App";
			productReference = 172C86062AC44B64006DC13F /* Guance_UniPlugin_App.framework */;
			productType = "com.apple.product-type.framework";
		};
/* End PBXNativeTarget section */

/* Begin PBXProject section */
		172C85FD2AC44B64006DC13F /* Project object */ = {
			isa = PBXProject;
			attributes = {
				BuildIndependentTargetsInParallel = 1;
				LastUpgradeCheck = 1400;
				TargetAttributes = {
					172C86052AC44B64006DC13F = {
						CreatedOnToolsVersion = 14.0;
					};
				};
			};
			buildConfigurationList = 172C86002AC44B64006DC13F /* Build configuration list for PBXProject "Guance-UniPlugin-App" */;
			compatibilityVersion = "Xcode 14.0";
			developmentRegion = en;
			hasScannedForEncodings = 0;
			knownRegions = (
				en,
				Base,
			);
			mainGroup = 172C85FC2AC44B64006DC13F;
			productRefGroup = 172C86072AC44B64006DC13F /* Products */;
			projectDirPath = "";
			projectRoot = "";
			targets = (
				172C86052AC44B64006DC13F /* Guance-UniPlugin-App */,
			);
		};
/* End PBXProject section */

/* Begin PBXResourcesBuildPhase section */
		172C86042AC44B64006DC13F /* Resources */ = {
			isa = PBXResourcesBuildPhase;
			buildActionMask = 2147483647;
			files = (
			);
			runOnlyForDeploymentPostprocessing = 0;
		};
/* End PBXResourcesBuildPhase section */

/* Begin PBXShellScriptBuildPhase section */
		173ED24A2AD17EE3007C95C0 /* ShellScript */ = {
			isa = PBXShellScriptBuildPhase;
			buildActionMask = 12;
			files = (
			);
			inputFileListPaths = (
			);
			inputPaths = (
			);
			outputFileListPaths = (
			);
			outputPaths = (
			);
			runOnlyForDeploymentPostprocessing = 0;
			shellPath = /bin/sh;
			shellScript = "
";
		};
/* End PBXShellScriptBuildPhase section */

/* Begin PBXSourcesBuildPhase section */
		172C86022AC44B64006DC13F /* Sources */ = {
			isa = PBXSourcesBuildPhase;
			buildActionMask = 2147483647;
			files = (
				172C861F2AC44B89006DC13F /* FTTracerModule.m in Sources */,
				172C86202AC44B89006DC13F /* FTLogModule.m in Sources */,
				172C86222AC44B89006DC13F /* FTMobileUniModule.m in Sources */,
				172C861A2AC44B89006DC13F /* FTRUMModule.m in Sources */,
			);
			runOnlyForDeploymentPostprocessing = 0;
		};
/* End PBXSourcesBuildPhase section */

/* Begin XCBuildConfiguration section */
		172C860B2AC44B64006DC13F /* Debug */ = {
			isa = XCBuildConfiguration;
			buildSettings = {
				ALWAYS_SEARCH_USER_PATHS = NO;
				CLANG_ANALYZER_NONNULL = YES;
				CLANG_ANALYZER_NUMBER_OBJECT_CONVERSION = YES_AGGRESSIVE;
				CLANG_CXX_LANGUAGE_STANDARD = "gnu++20";
				CLANG_ENABLE_MODULES = YES;
				CLANG_ENABLE_OBJC_ARC = YES;
				CLANG_ENABLE_OBJC_WEAK = YES;
				CLANG_WARN_BLOCK_CAPTURE_AUTORELEASING = YES;
				CLANG_WARN_BOOL_CONVERSION = YES;
				CLANG_WARN_COMMA = YES;
				CLANG_WARN_CONSTANT_CONVERSION = YES;
				CLANG_WARN_DEPRECATED_OBJC_IMPLEMENTATIONS = YES;
				CLANG_WARN_DIRECT_OBJC_ISA_USAGE = YES_ERROR;
				CLANG_WARN_DOCUMENTATION_COMMENTS = YES;
				CLANG_WARN_EMPTY_BODY = YES;
				CLANG_WARN_ENUM_CONVERSION = YES;
				CLANG_WARN_INFINITE_RECURSION = YES;
				CLANG_WARN_INT_CONVERSION = YES;
				CLANG_WARN_NON_LITERAL_NULL_CONVERSION = YES;
				CLANG_WARN_OBJC_IMPLICIT_RETAIN_SELF = YES;
				CLANG_WARN_OBJC_LITERAL_CONVERSION = YES;
				CLANG_WARN_OBJC_ROOT_CLASS = YES_ERROR;
				CLANG_WARN_QUOTED_INCLUDE_IN_FRAMEWORK_HEADER = YES;
				CLANG_WARN_RANGE_LOOP_ANALYSIS = YES;
				CLANG_WARN_STRICT_PROTOTYPES = YES;
				CLANG_WARN_SUSPICIOUS_MOVE = YES;
				CLANG_WARN_UNGUARDED_AVAILABILITY = YES_AGGRESSIVE;
				CLANG_WARN_UNREACHABLE_CODE = YES;
				CLANG_WARN__DUPLICATE_METHOD_MATCH = YES;
				COPY_PHASE_STRIP = NO;
				CURRENT_PROJECT_VERSION = 1;
				DEBUG_INFORMATION_FORMAT = dwarf;
				ENABLE_STRICT_OBJC_MSGSEND = YES;
				ENABLE_TESTABILITY = YES;
				GCC_C_LANGUAGE_STANDARD = gnu11;
				GCC_DYNAMIC_NO_PIC = NO;
				GCC_NO_COMMON_BLOCKS = YES;
				GCC_OPTIMIZATION_LEVEL = 0;
				GCC_PREPROCESSOR_DEFINITIONS = (
					"DEBUG=1",
					"$(inherited)",
				);
				GCC_WARN_64_TO_32_BIT_CONVERSION = YES;
				GCC_WARN_ABOUT_RETURN_TYPE = YES_ERROR;
				GCC_WARN_UNDECLARED_SELECTOR = YES;
				GCC_WARN_UNINITIALIZED_AUTOS = YES_AGGRESSIVE;
				GCC_WARN_UNUSED_FUNCTION = YES;
				GCC_WARN_UNUSED_VARIABLE = YES;
				IPHONEOS_DEPLOYMENT_TARGET = 16.0;
				MTL_ENABLE_DEBUG_INFO = INCLUDE_SOURCE;
				MTL_FAST_MATH = YES;
				ONLY_ACTIVE_ARCH = YES;
				SDKROOT = iphoneos;
				VERSIONING_SYSTEM = "apple-generic";
				VERSION_INFO_PREFIX = "";
			};
			name = Debug;
		};
		172C860C2AC44B64006DC13F /* Release */ = {
			isa = XCBuildConfiguration;
			buildSettings = {
				ALWAYS_SEARCH_USER_PATHS = NO;
				CLANG_ANALYZER_NONNULL = YES;
				CLANG_ANALYZER_NUMBER_OBJECT_CONVERSION = YES_AGGRESSIVE;
				CLANG_CXX_LANGUAGE_STANDARD = "gnu++20";
				CLANG_ENABLE_MODULES = YES;
				CLANG_ENABLE_OBJC_ARC = YES;
				CLANG_ENABLE_OBJC_WEAK = YES;
				CLANG_WARN_BLOCK_CAPTURE_AUTORELEASING = YES;
				CLANG_WARN_BOOL_CONVERSION = YES;
				CLANG_WARN_COMMA = YES;
				CLANG_WARN_CONSTANT_CONVERSION = YES;
				CLANG_WARN_DEPRECATED_OBJC_IMPLEMENTATIONS = YES;
				CLANG_WARN_DIRECT_OBJC_ISA_USAGE = YES_ERROR;
				CLANG_WARN_DOCUMENTATION_COMMENTS = YES;
				CLANG_WARN_EMPTY_BODY = YES;
				CLANG_WARN_ENUM_CONVERSION = YES;
				CLANG_WARN_INFINITE_RECURSION = YES;
				CLANG_WARN_INT_CONVERSION = YES;
				CLANG_WARN_NON_LITERAL_NULL_CONVERSION = YES;
				CLANG_WARN_OBJC_IMPLICIT_RETAIN_SELF = YES;
				CLANG_WARN_OBJC_LITERAL_CONVERSION = YES;
				CLANG_WARN_OBJC_ROOT_CLASS = YES_ERROR;
				CLANG_WARN_QUOTED_INCLUDE_IN_FRAMEWORK_HEADER = YES;
				CLANG_WARN_RANGE_LOOP_ANALYSIS = YES;
				CLANG_WARN_STRICT_PROTOTYPES = YES;
				CLANG_WARN_SUSPICIOUS_MOVE = YES;
				CLANG_WARN_UNGUARDED_AVAILABILITY = YES_AGGRESSIVE;
				CLANG_WARN_UNREACHABLE_CODE = YES;
				CLANG_WARN__DUPLICATE_METHOD_MATCH = YES;
				COPY_PHASE_STRIP = NO;
				CURRENT_PROJECT_VERSION = 1;
				DEBUG_INFORMATION_FORMAT = "dwarf-with-dsym";
				ENABLE_NS_ASSERTIONS = NO;
				ENABLE_STRICT_OBJC_MSGSEND = YES;
				GCC_C_LANGUAGE_STANDARD = gnu11;
				GCC_NO_COMMON_BLOCKS = YES;
				GCC_WARN_64_TO_32_BIT_CONVERSION = YES;
				GCC_WARN_ABOUT_RETURN_TYPE = YES_ERROR;
				GCC_WARN_UNDECLARED_SELECTOR = YES;
				GCC_WARN_UNINITIALIZED_AUTOS = YES_AGGRESSIVE;
				GCC_WARN_UNUSED_FUNCTION = YES;
				GCC_WARN_UNUSED_VARIABLE = YES;
				IPHONEOS_DEPLOYMENT_TARGET = 16.0;
				MTL_ENABLE_DEBUG_INFO = NO;
				MTL_FAST_MATH = YES;
				SDKROOT = iphoneos;
				VALIDATE_PRODUCT = YES;
				VERSIONING_SYSTEM = "apple-generic";
				VERSION_INFO_PREFIX = "";
			};
			name = Release;
		};
		172C860E2AC44B64006DC13F /* Debug */ = {
			isa = XCBuildConfiguration;
			buildSettings = {
				ARCHS = (
					"$(ARCHS_STANDARD)",
					x86_64,
				);
				CODE_SIGN_IDENTITY = "Apple Development";
				CODE_SIGN_STYLE = Automatic;
				CURRENT_PROJECT_VERSION = 1;
				DEFINES_MODULE = YES;
				DEVELOPMENT_TEAM = "";
				DYLIB_COMPATIBILITY_VERSION = 1;
				DYLIB_CURRENT_VERSION = 1;
				DYLIB_INSTALL_NAME_BASE = "@rpath";
				FRAMEWORK_SEARCH_PATHS = "\"$(SRCROOT)/../../../Hbuilder_Example/nativeplugins/GCUniPlugin/ios/FTMobileSDK.xcframework\"";
				GENERATE_INFOPLIST_FILE = YES;
				INFOPLIST_KEY_NSHumanReadableCopyright = "";
				INSTALL_PATH = "$(LOCAL_LIBRARY_DIR)/Frameworks";
				IPHONEOS_DEPLOYMENT_TARGET = 10.0;
				LD_RUNPATH_SEARCH_PATHS = (
					"$(inherited)",
					"@executable_path/Frameworks",
					"@loader_path/Frameworks",
				);
				MACH_O_TYPE = staticlib;
				MARKETING_VERSION = 0.2.2;
				PRODUCT_BUNDLE_IDENTIFIER = com.ft.sdk.uniapp;
				PRODUCT_NAME = "$(TARGET_NAME:c99extidentifier)";
				PROVISIONING_PROFILE_SPECIFIER = "";
				SKIP_INSTALL = YES;
				SWIFT_EMIT_LOC_STRINGS = YES;
				TARGETED_DEVICE_FAMILY = "1,2";
				USER_HEADER_SEARCH_PATHS = (
					"\"$(SRCROOT)/../../SDK/inc/DCUni\"",
					"\"$(SRCROOT)/../../SDK/inc/weexHeader\"",
				);
			};
			name = Debug;
		};
		172C860F2AC44B64006DC13F /* Release */ = {
			isa = XCBuildConfiguration;
			buildSettings = {
				CODE_SIGN_IDENTITY = "Apple Development";
				CODE_SIGN_STYLE = Automatic;
				CURRENT_PROJECT_VERSION = 1;
				DEFINES_MODULE = YES;
				DEVELOPMENT_TEAM = "";
				DYLIB_COMPATIBILITY_VERSION = 1;
				DYLIB_CURRENT_VERSION = 1;
				DYLIB_INSTALL_NAME_BASE = "@rpath";
				FRAMEWORK_SEARCH_PATHS = "\"$(SRCROOT)/../../../Hbuilder_Example/nativeplugins/GCUniPlugin/ios/FTMobileSDK.xcframework\"";
				GENERATE_INFOPLIST_FILE = YES;
				INFOPLIST_KEY_NSHumanReadableCopyright = "";
				INSTALL_PATH = "$(LOCAL_LIBRARY_DIR)/Frameworks";
				IPHONEOS_DEPLOYMENT_TARGET = 10.0;
				LD_RUNPATH_SEARCH_PATHS = (
					"$(inherited)",
					"@executable_path/Frameworks",
					"@loader_path/Frameworks",
				);
				MACH_O_TYPE = staticlib;
				MARKETING_VERSION = 0.2.2;
				PRODUCT_BUNDLE_IDENTIFIER = com.ft.sdk.uniapp;
				PRODUCT_NAME = "$(TARGET_NAME:c99extidentifier)";
				PROVISIONING_PROFILE_SPECIFIER = "";
				SKIP_INSTALL = YES;
				SWIFT_EMIT_LOC_STRINGS = YES;
				TARGETED_DEVICE_FAMILY = "1,2";
				USER_HEADER_SEARCH_PATHS = (
					"\"$(SRCROOT)/../../SDK/inc/DCUni\"",
					"\"$(SRCROOT)/../../SDK/inc/weexHeader\"",
				);
			};
			name = Release;
		};
/* End XCBuildConfiguration section */

/* Begin XCConfigurationList section */
		172C86002AC44B64006DC13F /* Build configuration list for PBXProject "Guance-UniPlugin-App" */ = {
			isa = XCConfigurationList;
			buildConfigurations = (
				172C860B2AC44B64006DC13F /* Debug */,
				172C860C2AC44B64006DC13F /* Release */,
			);
			defaultConfigurationIsVisible = 0;
			defaultConfigurationName = Release;
		};
		172C860D2AC44B64006DC13F /* Build configuration list for PBXNativeTarget "Guance-UniPlugin-App" */ = {
			isa = XCConfigurationList;
			buildConfigurations = (
				172C860E2AC44B64006DC13F /* Debug */,
				172C860F2AC44B64006DC13F /* Release */,
			);
			defaultConfigurationIsVisible = 0;
			defaultConfigurationName = Release;
		};
/* End XCConfigurationList section */
	};
	rootObject = 172C85FD2AC44B64006DC13F /* Project object */;
}
