// !$*UTF8*$!
{
	archiveVersion = 1;
	classes = {
	};
	objectVersion = 46;
	objects = {

/* Begin PBXBuildFile section */
		0645FEE75A9E8C9FC3A2C095 /* DCloudUTSFoundation.framework in Frameworks */ = {isa = PBXBuildFile; fileRef = 98544CE041C11211190E9D0D /* DCloudUTSFoundation.framework */; };
		46B7B5C8BF1602DCC6FA91C5 /* Foundation.framework in Frameworks */ = {isa = PBXBuildFile; fileRef = DAFAA4FFA166511C4C6B8DF4 /* Foundation.framework */; };
		8E0802F5226A2CFAA0B31A00 /* index.swift in Sources */ = {isa = PBXBuildFile; fileRef = 303366FC5F37CF859C24B3B5 /* index.swift */; };
		BA8EB96299609EDEA0C29696 /* DCUniBase.framework in Frameworks */ = {isa = PBXBuildFile; fileRef = 1E8C3D1C6AEF104AB536BE16 /* DCUniBase.framework */; };
		BF998C83C1794E0A758DC40B /* config.json in Resources */ = {isa = PBXBuildFile; fileRef = 90FEAE690315C52E91313FCB /* config.json */; };
		DACE6411CC38CE0DA672EA76 /* GCUniPluginUTSCPP.mm in Sources */ = {isa = PBXBuildFile; fileRef = 181D748D1C265C89CA830732 /* GCUniPluginUTSCPP.mm */; };
		E9CC53241A6DF9A9E4F445AC /* GCUniPluginHostNative.swift in Sources */ = {isa = PBXBuildFile; fileRef = 38FE09BDD6D9E2ED427732DD /* GCUniPluginHostNative.swift */; };
		F90D2960C6E8B565D2B97AE1 /* GCUniPluginUTSConfig.m in Sources */ = {isa = PBXBuildFile; fileRef = D4B975A6B72BD0935BA050AF /* GCUniPluginUTSConfig.m */; };
/* End PBXBuildFile section */

/* Begin PBXFileReference section */
		181D748D1C265C89CA830732 /* GCUniPluginUTSCPP.mm */ = {isa = PBXFileReference; includeInIndex = 1; path = GCUniPluginUTSCPP.mm; sourceTree = "<group>"; };
		1E8C3D1C6AEF104AB536BE16 /* DCUniBase.framework */ = {isa = PBXFileReference; lastKnownFileType = wrapper.framework; name = DCUniBase.framework; path = ../../../SDK/Libs/DCUniBase.framework; sourceTree = "<group>"; };
		303366FC5F37CF859C24B3B5 /* index.swift */ = {isa = PBXFileReference; includeInIndex = 1; lastKnownFileType = sourcecode.swift; path = index.swift; sourceTree = "<group>"; };
		38FE09BDD6D9E2ED427732DD /* GCUniPluginHostNative.swift */ = {isa = PBXFileReference; includeInIndex = 1; lastKnownFileType = sourcecode.swift; path = GCUniPluginHostNative.swift; sourceTree = "<group>"; };
		533666DD791AD4CAED24D1BF /* unimoduleGCUniPlugin.framework */ = {isa = PBXFileReference; explicitFileType = wrapper.framework; includeInIndex = 0; path = unimoduleGCUniPlugin.framework; sourceTree = BUILT_PRODUCTS_DIR; };
		90FEAE690315C52E91313FCB /* config.json */ = {isa = PBXFileReference; includeInIndex = 1; path = config.json; sourceTree = "<group>"; };
		98544CE041C11211190E9D0D /* DCloudUTSFoundation.framework */ = {isa = PBXFileReference; lastKnownFileType = wrapper.framework; name = DCloudUTSFoundation.framework; path = ../../../SDK/Libs/DCloudUTSFoundation.framework; sourceTree = "<group>"; };
		D4B975A6B72BD0935BA050AF /* GCUniPluginUTSConfig.m */ = {isa = PBXFileReference; includeInIndex = 1; lastKnownFileType = sourcecode.c.objc; path = GCUniPluginUTSConfig.m; sourceTree = "<group>"; };
		DAFAA4FFA166511C4C6B8DF4 /* Foundation.framework */ = {isa = PBXFileReference; lastKnownFileType = wrapper.framework; name = Foundation.framework; path = Platforms/iPhoneOS.platform/Developer/SDKs/iPhoneOS18.0.sdk/System/Library/Frameworks/Foundation.framework; sourceTree = DEVELOPER_DIR; };
/* End PBXFileReference section */

/* Begin PBXFrameworksBuildPhase section */
		35D25AF7E0F6DE2DF0A51F37 /* Frameworks */ = {
			isa = PBXFrameworksBuildPhase;
			buildActionMask = 2147483647;
			files = (
				46B7B5C8BF1602DCC6FA91C5 /* Foundation.framework in Frameworks */,
				BA8EB96299609EDEA0C29696 /* DCUniBase.framework in Frameworks */,
				0645FEE75A9E8C9FC3A2C095 /* DCloudUTSFoundation.framework in Frameworks */,
			);
			runOnlyForDeploymentPostprocessing = 0;
		};
/* End PBXFrameworksBuildPhase section */

/* Begin PBXGroup section */
		05311F0D72738C2586BA57A9 /* Frameworks */ = {
			isa = PBXGroup;
			children = (
				1E8C3D1C6AEF104AB536BE16 /* DCUniBase.framework */,
				98544CE041C11211190E9D0D /* DCloudUTSFoundation.framework */,
			);
			name = Frameworks;
			sourceTree = "<group>";
		};
		30C0ED66259F89C07C083495 = {
			isa = PBXGroup;
			children = (
				4E49B1F306FF30A873CE8EA5 /* Products */,
				3217E07A4E0ECAE488A31826 /* Frameworks */,
				CB27697389824A9FB7CCE141 /* Sources */,
				5A8902A1290219AC497F0E78 /* Resources */,
				05311F0D72738C2586BA57A9 /* Frameworks */,
			);
			sourceTree = "<group>";
		};
		3217E07A4E0ECAE488A31826 /* Frameworks */ = {
			isa = PBXGroup;
			children = (
				D4ABAD87800254496A73576C /* iOS */,
			);
			name = Frameworks;
			sourceTree = "<group>";
		};
		4E49B1F306FF30A873CE8EA5 /* Products */ = {
			isa = PBXGroup;
			children = (
				533666DD791AD4CAED24D1BF /* unimoduleGCUniPlugin.framework */,
			);
			name = Products;
			sourceTree = "<group>";
		};
		5A8902A1290219AC497F0E78 /* Resources */ = {
			isa = PBXGroup;
			children = (
				90FEAE690315C52E91313FCB /* config.json */,
			);
			name = Resources;
			sourceTree = "<group>";
		};
		CB27697389824A9FB7CCE141 /* Sources */ = {
			isa = PBXGroup;
			children = (
				38FE09BDD6D9E2ED427732DD /* GCUniPluginHostNative.swift */,
				181D748D1C265C89CA830732 /* GCUniPluginUTSCPP.mm */,
				D4B975A6B72BD0935BA050AF /* GCUniPluginUTSConfig.m */,
				303366FC5F37CF859C24B3B5 /* index.swift */,
			);
			name = Sources;
			path = Sources;
			sourceTree = "<group>";
		};
		D4ABAD87800254496A73576C /* iOS */ = {
			isa = PBXGroup;
			children = (
				DAFAA4FFA166511C4C6B8DF4 /* Foundation.framework */,
			);
			name = iOS;
			sourceTree = "<group>";
		};
/* End PBXGroup section */

/* Begin PBXHeadersBuildPhase section */
		E978DDC6720D95C3D5C86F9A /* Headers */ = {
			isa = PBXHeadersBuildPhase;
			buildActionMask = 2147483647;
			files = (
			);
			runOnlyForDeploymentPostprocessing = 0;
		};
/* End PBXHeadersBuildPhase section */

/* Begin PBXNativeTarget section */
		74B04449667AD447615548CD /* unimoduleGCUniPlugin */ = {
			isa = PBXNativeTarget;
			buildConfigurationList = 5465D8F934DA0073ADB935DF /* Build configuration list for PBXNativeTarget "unimoduleGCUniPlugin" */;
			buildPhases = (
				E978DDC6720D95C3D5C86F9A /* Headers */,
				7898EFD6DF9144953267CAA6 /* Sources */,
				35D25AF7E0F6DE2DF0A51F37 /* Frameworks */,
				241803E57AB333F1260796FF /* Resources */,
			);
			buildRules = (
			);
			dependencies = (
			);
			name = unimoduleGCUniPlugin;
			productName = unimoduleGCUniPlugin;
			productReference = 533666DD791AD4CAED24D1BF /* unimoduleGCUniPlugin.framework */;
			productType = "com.apple.product-type.framework";
		};
/* End PBXNativeTarget section */

/* Begin PBXProject section */
		87AA2094CC1016B7686259F6 /* Project object */ = {
			isa = PBXProject;
			attributes = {
				LastSwiftUpdateCheck = 1600;
				LastUpgradeCheck = 1600;
			};
			buildConfigurationList = 49AFD66C9F78D0FDB8FAAA57 /* Build configuration list for PBXProject "unimoduleGCUniPlugin" */;
			compatibilityVersion = "Xcode 3.2";
			developmentRegion = en;
			hasScannedForEncodings = 0;
			knownRegions = (
				en,
				Base,
			);
			mainGroup = 30C0ED66259F89C07C083495;
			minimizedProjectReferenceProxies = 0;
			preferredProjectObjectVersion = 77;
			productRefGroup = 4E49B1F306FF30A873CE8EA5 /* Products */;
			projectDirPath = "";
			projectRoot = "";
			targets = (
				74B04449667AD447615548CD /* unimoduleGCUniPlugin */,
			);
		};
/* End PBXProject section */

/* Begin PBXResourcesBuildPhase section */
		241803E57AB333F1260796FF /* Resources */ = {
			isa = PBXResourcesBuildPhase;
			buildActionMask = 2147483647;
			files = (
				BF998C83C1794E0A758DC40B /* config.json in Resources */,
			);
			runOnlyForDeploymentPostprocessing = 0;
		};
/* End PBXResourcesBuildPhase section */

/* Begin PBXSourcesBuildPhase section */
		7898EFD6DF9144953267CAA6 /* Sources */ = {
			isa = PBXSourcesBuildPhase;
			buildActionMask = 2147483647;
			files = (
				E9CC53241A6DF9A9E4F445AC /* GCUniPluginHostNative.swift in Sources */,
				DACE6411CC38CE0DA672EA76 /* GCUniPluginUTSCPP.mm in Sources */,
				F90D2960C6E8B565D2B97AE1 /* GCUniPluginUTSConfig.m in Sources */,
				8E0802F5226A2CFAA0B31A00 /* index.swift in Sources */,
			);
			runOnlyForDeploymentPostprocessing = 0;
		};
/* End PBXSourcesBuildPhase section */

/* Begin XCBuildConfiguration section */
		38B42B459E01B0161D74A984 /* Debug */ = {
			isa = XCBuildConfiguration;
			buildSettings = {
				BUILD_LIBRARY_FOR_DISTRIBUTION = YES;
				CLANG_ENABLE_EXPLICIT_MODULES = NO;
				CLANG_ENABLE_MODULES = YES;
				CLANG_ENABLE_OBJC_WEAK = NO;
				CURRENT_PROJECT_VERSION = 1;
				DEFINES_MODULE = YES;
				DYLIB_COMPATIBILITY_VERSION = 1;
				DYLIB_CURRENT_VERSION = 1;
				DYLIB_INSTALL_NAME_BASE = "@rpath";
				ENABLE_MODULE_VERIFIER = NO;
				FRAMEWORK_SEARCH_PATHS = (
					"$(inherited)",
					"\"../../../SDK/Libs\"",
				);
				INFOPLIST_FILE = Info.plist;
				INSTALL_PATH = "$(LOCAL_LIBRARY_DIR)/Frameworks";
				IPHONEOS_DEPLOYMENT_TARGET = 13.0;
				LD_RUNPATH_SEARCH_PATHS = "$(inherited) @executable_path/Frameworks @loader_path/Frameworks";
				OTHER_LDFLAGS = (
					"$(inherited)",
					"-ObjC",
				);
				PRODUCT_BUNDLE_IDENTIFIER = io.guance.unimodule.GCUniPlugin;
				PRODUCT_NAME = "$(TARGET_NAME:c99extidentifier)";
				SDKROOT = iphoneos;
				SKIP_INSTALL = YES;
				SWIFT_ENABLE_EXPLICIT_MODULES = NO;
				SWIFT_VERSION = 5.0;
				TARGETED_DEVICE_FAMILY = "1,2";
				VERSIONING_SYSTEM = "apple-generic";
				VERSION_INFO_PREFIX = "";
			};
			name = Debug;
		};
		6DC204CA2B2D0B5013F67813 /* Debug */ = {
			isa = XCBuildConfiguration;
			buildSettings = {
				ALWAYS_SEARCH_USER_PATHS = NO;
				CLANG_ANALYZER_NONNULL = YES;
				CLANG_ANALYZER_NUMBER_OBJECT_CONVERSION = YES_AGGRESSIVE;
				CLANG_CXX_LANGUAGE_STANDARD = "gnu++14";
				CLANG_CXX_LIBRARY = "libc++";
				CLANG_ENABLE_MODULES = YES;
				CLANG_ENABLE_OBJC_ARC = YES;
				CLANG_ENABLE_OBJC_WEAK = YES;
				CLANG_WARN_BLOCK_CAPTURE_AUTORELEASING = YES;
				CLANG_WARN_BOOL_CONVERSION = YES;
				CLANG_WARN_COMMA = YES;
				CLANG_WARN_CONSTANT_CONVERSION = YES;
				CLANG_WARN_DEPRECATED_OBJC_IMPLEMENTATIONS = YES;
				CLANG_WARN_DIRECT_OBJC_ISA_USAGE = YES_ERROR;
				CLANG_WARN_DOCUMENTATION_COMMENTS = YES;
				CLANG_WARN_EMPTY_BODY = YES;
				CLANG_WARN_ENUM_CONVERSION = YES;
				CLANG_WARN_INFINITE_RECURSION = YES;
				CLANG_WARN_INT_CONVERSION = YES;
				CLANG_WARN_NON_LITERAL_NULL_CONVERSION = YES;
				CLANG_WARN_OBJC_IMPLICIT_RETAIN_SELF = YES;
				CLANG_WARN_OBJC_LITERAL_CONVERSION = YES;
				CLANG_WARN_OBJC_ROOT_CLASS = YES_ERROR;
				CLANG_WARN_QUOTED_INCLUDE_IN_FRAMEWORK_HEADER = YES;
				CLANG_WARN_RANGE_LOOP_ANALYSIS = YES;
				CLANG_WARN_STRICT_PROTOTYPES = YES;
				CLANG_WARN_SUSPICIOUS_MOVE = YES;
				CLANG_WARN_UNGUARDED_AVAILABILITY = YES_AGGRESSIVE;
				CLANG_WARN_UNREACHABLE_CODE = YES;
				CLANG_WARN__DUPLICATE_METHOD_MATCH = YES;
				COPY_PHASE_STRIP = NO;
				DEBUG_INFORMATION_FORMAT = dwarf;
				ENABLE_STRICT_OBJC_MSGSEND = YES;
				ENABLE_TESTABILITY = YES;
				GCC_C_LANGUAGE_STANDARD = gnu11;
				GCC_DYNAMIC_NO_PIC = NO;
				GCC_NO_COMMON_BLOCKS = YES;
				GCC_OPTIMIZATION_LEVEL = 0;
				GCC_PREPROCESSOR_DEFINITIONS = (
					"DEBUG=1",
					"$(inherited)",
				);
				GCC_WARN_64_TO_32_BIT_CONVERSION = YES;
				GCC_WARN_ABOUT_RETURN_TYPE = YES_ERROR;
				GCC_WARN_UNDECLARED_SELECTOR = YES;
				GCC_WARN_UNINITIALIZED_AUTOS = YES_AGGRESSIVE;
				GCC_WARN_UNUSED_FUNCTION = YES;
				GCC_WARN_UNUSED_VARIABLE = YES;
				MTL_ENABLE_DEBUG_INFO = INCLUDE_SOURCE;
				MTL_FAST_MATH = YES;
				ONLY_ACTIVE_ARCH = YES;
				PRODUCT_NAME = "$(TARGET_NAME)";
				SWIFT_ACTIVE_COMPILATION_CONDITIONS = DEBUG;
				SWIFT_OPTIMIZATION_LEVEL = "-Onone";
				SWIFT_VERSION = 5.0;
			};
			name = Debug;
		};
		83D6DC26126E2C2AFD99E00B /* Release */ = {
			isa = XCBuildConfiguration;
			buildSettings = {
				ALWAYS_SEARCH_USER_PATHS = NO;
				CLANG_ANALYZER_NONNULL = YES;
				CLANG_ANALYZER_NUMBER_OBJECT_CONVERSION = YES_AGGRESSIVE;
				CLANG_CXX_LANGUAGE_STANDARD = "gnu++14";
				CLANG_CXX_LIBRARY = "libc++";
				CLANG_ENABLE_MODULES = YES;
				CLANG_ENABLE_OBJC_ARC = YES;
				CLANG_ENABLE_OBJC_WEAK = YES;
				CLANG_WARN_BLOCK_CAPTURE_AUTORELEASING = YES;
				CLANG_WARN_BOOL_CONVERSION = YES;
				CLANG_WARN_COMMA = YES;
				CLANG_WARN_CONSTANT_CONVERSION = YES;
				CLANG_WARN_DEPRECATED_OBJC_IMPLEMENTATIONS = YES;
				CLANG_WARN_DIRECT_OBJC_ISA_USAGE = YES_ERROR;
				CLANG_WARN_DOCUMENTATION_COMMENTS = YES;
				CLANG_WARN_EMPTY_BODY = YES;
				CLANG_WARN_ENUM_CONVERSION = YES;
				CLANG_WARN_INFINITE_RECURSION = YES;
				CLANG_WARN_INT_CONVERSION = YES;
				CLANG_WARN_NON_LITERAL_NULL_CONVERSION = YES;
				CLANG_WARN_OBJC_IMPLICIT_RETAIN_SELF = YES;
				CLANG_WARN_OBJC_LITERAL_CONVERSION = YES;
				CLANG_WARN_OBJC_ROOT_CLASS = YES_ERROR;
				CLANG_WARN_QUOTED_INCLUDE_IN_FRAMEWORK_HEADER = YES;
				CLANG_WARN_RANGE_LOOP_ANALYSIS = YES;
				CLANG_WARN_STRICT_PROTOTYPES = YES;
				CLANG_WARN_SUSPICIOUS_MOVE = YES;
				CLANG_WARN_UNGUARDED_AVAILABILITY = YES_AGGRESSIVE;
				CLANG_WARN_UNREACHABLE_CODE = YES;
				CLANG_WARN__DUPLICATE_METHOD_MATCH = YES;
				COPY_PHASE_STRIP = NO;
				DEBUG_INFORMATION_FORMAT = "dwarf-with-dsym";
				ENABLE_NS_ASSERTIONS = NO;
				ENABLE_STRICT_OBJC_MSGSEND = YES;
				GCC_C_LANGUAGE_STANDARD = gnu11;
				GCC_NO_COMMON_BLOCKS = YES;
				GCC_WARN_64_TO_32_BIT_CONVERSION = YES;
				GCC_WARN_ABOUT_RETURN_TYPE = YES_ERROR;
				GCC_WARN_UNDECLARED_SELECTOR = YES;
				GCC_WARN_UNINITIALIZED_AUTOS = YES_AGGRESSIVE;
				GCC_WARN_UNUSED_FUNCTION = YES;
				GCC_WARN_UNUSED_VARIABLE = YES;
				MTL_ENABLE_DEBUG_INFO = NO;
				MTL_FAST_MATH = YES;
				PRODUCT_NAME = "$(TARGET_NAME)";
				SWIFT_COMPILATION_MODE = wholemodule;
				SWIFT_OPTIMIZATION_LEVEL = "-O";
				SWIFT_VERSION = 5.0;
			};
			name = Release;
		};
		DDA68ADACE777D37047D4573 /* Release */ = {
			isa = XCBuildConfiguration;
			buildSettings = {
				BUILD_LIBRARY_FOR_DISTRIBUTION = YES;
				CLANG_ENABLE_EXPLICIT_MODULES = NO;
				CLANG_ENABLE_MODULES = YES;
				CLANG_ENABLE_OBJC_WEAK = NO;
				CURRENT_PROJECT_VERSION = 1;
				DEFINES_MODULE = YES;
				DYLIB_COMPATIBILITY_VERSION = 1;
				DYLIB_CURRENT_VERSION = 1;
				DYLIB_INSTALL_NAME_BASE = "@rpath";
				ENABLE_MODULE_VERIFIER = NO;
				FRAMEWORK_SEARCH_PATHS = (
					"$(inherited)",
					"\"../../../SDK/Libs\"",
				);
				INFOPLIST_FILE = Info.plist;
				INSTALL_PATH = "$(LOCAL_LIBRARY_DIR)/Frameworks";
				IPHONEOS_DEPLOYMENT_TARGET = 13.0;
				LD_RUNPATH_SEARCH_PATHS = "$(inherited) @executable_path/Frameworks @loader_path/Frameworks";
				OTHER_LDFLAGS = (
					"$(inherited)",
					"-ObjC",
				);
				PRODUCT_BUNDLE_IDENTIFIER = io.guance.unimodule.GCUniPlugin;
				PRODUCT_NAME = "$(TARGET_NAME:c99extidentifier)";
				SDKROOT = iphoneos;
				SKIP_INSTALL = YES;
				SWIFT_ENABLE_EXPLICIT_MODULES = NO;
				SWIFT_VERSION = 5.0;
				TARGETED_DEVICE_FAMILY = "1,2";
				VALIDATE_PRODUCT = YES;
				VERSIONING_SYSTEM = "apple-generic";
				VERSION_INFO_PREFIX = "";
			};
			name = Release;
		};
/* End XCBuildConfiguration section */

/* Begin XCConfigurationList section */
		49AFD66C9F78D0FDB8FAAA57 /* Build configuration list for PBXProject "unimoduleGCUniPlugin" */ = {
			isa = XCConfigurationList;
			buildConfigurations = (
				6DC204CA2B2D0B5013F67813 /* Debug */,
				83D6DC26126E2C2AFD99E00B /* Release */,
			);
			defaultConfigurationIsVisible = 0;
			defaultConfigurationName = Release;
		};
		5465D8F934DA0073ADB935DF /* Build configuration list for PBXNativeTarget "unimoduleGCUniPlugin" */ = {
			isa = XCConfigurationList;
			buildConfigurations = (
				DDA68ADACE777D37047D4573 /* Release */,
				38B42B459E01B0161D74A984 /* Debug */,
			);
			defaultConfigurationIsVisible = 0;
			defaultConfigurationName = Release;
		};
/* End XCConfigurationList section */
	};
	rootObject = 87AA2094CC1016B7686259F6 /* Project object */;
}
