PODS:
  - FTMobileSDK (1.5.16):
    - FTMobileSDK/FTMobileAgent (= 1.5.16)
  - FTMobileSDK/FTMobileAgent (1.5.16):
    - FTMobileSDK/FTSDKCore
  - FTMobileSDK/FTSDKCore (1.5.16):
    - FTMobileSDK/FTSDKCore/BaseUtils (= 1.5.16)
    - FTMobileSDK/FTSDKCore/DataManager (= 1.5.16)
    - FTMobileSDK/FTSDKCore/FTRUM (= 1.5.16)
    - FTMobileSDK/FTSDKCore/FTWKWebView (= 1.5.16)
    - FTMobileSDK/FTSDKCore/Logger (= 1.5.16)
    - FTMobileSDK/FTSDKCore/Protocol (= 1.5.16)
    - FTMobileSDK/FTSDKCore/URLSessionAutoInstrumentation (= 1.5.16)
  - FTMobileSDK/FTSDKCore/BaseUtils (1.5.16):
    - FTMobileSDK/FTSDKCore/BaseUtils/Base (= 1.5.16)
    - FTMobileSDK/FTSDKCore/BaseUtils/Swizzle (= 1.5.16)
    - FTMobileSDK/FTSDKCore/BaseUtils/Thread (= 1.5.16)
  - FTMobileSDK/FTSDKCore/BaseUtils/Base (1.5.16):
    - FTMobileSDK/FTSDKCore/BaseUtils/Thread
  - FTMobileSDK/FTSDKCore/BaseUtils/Swizzle (1.5.16):
    - FTMobileSDK/FTSDKCore/BaseUtils/Base
  - FTMobileSDK/FTSDKCore/BaseUtils/Thread (1.5.16)
  - FTMobileSDK/FTSDKCore/DataManager (1.5.16):
    - FTMobileSDK/FTSDKCore/BaseUtils/Base
    - FTMobileSDK/FTSDKCore/BaseUtils/Thread
    - FTMobileSDK/FTSDKCore/Protocol
  - FTMobileSDK/FTSDKCore/FTRUM (1.5.16):
    - FTMobileSDK/FTSDKCore/BaseUtils/Base
    - FTMobileSDK/FTSDKCore/Protocol
  - FTMobileSDK/FTSDKCore/FTWKWebView (1.5.16):
    - FTMobileSDK/FTSDKCore/BaseUtils/Swizzle
    - FTMobileSDK/FTSDKCore/Protocol
  - FTMobileSDK/FTSDKCore/Logger (1.5.16):
    - FTMobileSDK/FTSDKCore/BaseUtils/Base
    - FTMobileSDK/FTSDKCore/Protocol
  - FTMobileSDK/FTSDKCore/Protocol (1.5.16)
  - FTMobileSDK/FTSDKCore/URLSessionAutoInstrumentation (1.5.16):
    - FTMobileSDK/FTSDKCore/BaseUtils/Swizzle
    - FTMobileSDK/FTSDKCore/Protocol
  - Guance-UniPlugin-App (0.2.2):
    - FTMobileSDK (= 1.5.16)

DEPENDENCIES:
  - Guance-UniPlugin-App (from `./Guance-UniPlugin-App`)

SPEC REPOS:
  trunk:
    - FTMobileSDK

EXTERNAL SOURCES:
  Guance-UniPlugin-App:
    :path: "./Guance-UniPlugin-App"

SPEC CHECKSUMS:
  FTMobileSDK: 39afb4bb6dd8612b20e5a9ef43962f5158819e7e
  Guance-UniPlugin-App: f6e7bcbf4188dabfd3a3c828132c0e0f17c81b7b

PODFILE CHECKSUM: 3b1ce419bde680a3118afff2f16151fb8eff7758

COCOAPODS: 1.15.2
