{
  "name": "hbuilder_example",
  "version": "1.0.0",
  "lockfileVersion": 3,
  "requires": true,
  "packages": {
    "": {
      "name": "hbuilder_example",
      "version": "1.0.0",
      "license": "ISC",
      "dependencies": {
        "ft-uniapp-js-plugin": "../UniPlugin-JS/ft-uniapp-js-plugin-0.2.4-alpha.3.tgz"
      }
    },
    "node_modules/ft-uniapp-js-plugin": {
      "version": "0.2.4-alpha.3",
      "resolved": "file:../UniPlugin-JS/ft-uniapp-js-plugin-0.2.4-alpha.3.tgz",
      "integrity": "sha512-YYUimjk9SEuwEWFCfoqQLWg6yZDkFAtm5d796J3uXSfAKk/Cu9ODjDWMkgy5KpSMFe4cBJR2VCN5UH9WMWeBrA==",
      "license": "ISC"
    }
  }
}
