{
  "name": "hbuilder_example",
  "version": "1.0.0",
  "lockfileVersion": 3,
  "requires": true,
  "packages": {
    "": {
      "name": "hbuilder_example",
      "version": "1.0.0",
      "license": "ISC",
      "dependencies": {
        "ft-uniapp-js-plugin": "file:../UniPlugin-JS/ft-uniapp-js-plugin-0.2.4-alpha.3.tgz"
      }
    },
    "node_modules/ft-uniapp-js-plugin": {
      "version": "0.2.4-alpha.3",
      "resolved": "file:../UniPlugin-JS/ft-uniapp-js-plugin-0.2.4-alpha.3.tgz",
      "integrity": "sha512-+QAow1NCw33DLZoIs0nV2iVzGgRpYdaA0UI5aC1je9dF7EhiL4G+RXNE6ZnedbbDggf3UX2o+h7upwcIy5XZRw==",
      "license": "Apache-2.0"
    }
  }
}
